
Microsoft Visual Studio Solution File, Format Version 12.00
# Visual Studio 15
VisualStudioVersion = 15.0.28307.960
MinimumVisualStudioVersion = 10.0.40219.1
Project("{FAE04EC0-301F-11D3-BF4B-00C04F79EFBC}") = "SDP23", "SDP23\SDP23.csproj", "{4B71890E-5B3B-43BC-9F8A-A796F8248E25}"
EndProject
Project("{FAE04EC0-301F-11D3-BF4B-00C04F79EFBC}") = "CalculatorTests", "CalculatorTests\CalculatorTests.csproj", "{3B9447E0-49E5-4321-8A47-183DE012A308}"
EndProject
Global
	GlobalSection(SolutionConfigurationPlatforms) = preSolution
		Debug|Any CPU = Debug|Any CPU
		Release|Any CPU = Release|Any CPU
	EndGlobalSection
	GlobalSection(ProjectConfigurationPlatforms) = postSolution
		{4B71890E-5B3B-43BC-9F8A-A796F8248E25}.Debug|Any CPU.ActiveCfg = Debug|Any CPU
		{4B71890E-5B3B-43BC-9F8A-A796F8248E25}.Debug|Any CPU.Build.0 = Debug|Any CPU
		{4B71890E-5B3B-43BC-9F8A-A796F8248E25}.Release|Any CPU.ActiveCfg = Release|Any CPU
		{4B71890E-5B3B-43BC-9F8A-A796F8248E25}.Release|Any CPU.Build.0 = Release|Any CPU
		{3B9447E0-49E5-4321-8A47-183DE012A308}.Debug|Any CPU.ActiveCfg = Debug|Any CPU
		{3B9447E0-49E5-4321-8A47-183DE012A308}.Debug|Any CPU.Build.0 = Debug|Any CPU
		{3B9447E0-49E5-4321-8A47-183DE012A308}.Release|Any CPU.ActiveCfg = Release|Any CPU
		{3B9447E0-49E5-4321-8A47-183DE012A308}.Release|Any CPU.Build.0 = Release|Any CPU
	EndGlobalSection
	GlobalSection(SolutionProperties) = preSolution
		HideSolutionNode = FALSE
	EndGlobalSection
	GlobalSection(ExtensibilityGlobals) = postSolution
		SolutionGuid = {52C55CF6-C5A2-4B20-943F-206667142203}
	EndGlobalSection
EndGlobal
